
Microsoft Visual Studio Solution File, Format Version 12.00
# Visual Studio Version 17
VisualStudioVersion = 17.14.36930.0
MinimumVisualStudioVersion = 10.0.40219.1
Project("{FAE04EC0-301F-11D3-BF4B-00C04F79EFBC}") = "LaboPokemon", "LaboPokémon\LaboPokemon.csproj", "{0B7B3CFC-A88B-475B-A70F-725810FFCC0A}"
EndProject
Global
	GlobalSection(SolutionConfigurationPlatforms) = preSolution
		Debug|Any CPU = Debug|Any CPU
		Release|Any CPU = Release|Any CPU
	EndGlobalSection
	GlobalSection(ProjectConfigurationPlatforms) = postSolution
		{0B7B3CFC-A88B-475B-A70F-725810FFCC0A}.Debug|Any CPU.ActiveCfg = Debug|Any CPU
		{0B7B3CFC-A88B-475B-A70F-725810FFCC0A}.Debug|Any CPU.Build.0 = Debug|Any CPU
		{0B7B3CFC-A88B-475B-A70F-725810FFCC0A}.Release|Any CPU.ActiveCfg = Release|Any CPU
		{0B7B3CFC-A88B-475B-A70F-725810FFCC0A}.Release|Any CPU.Build.0 = Release|Any CPU
	EndGlobalSection
	GlobalSection(SolutionProperties) = preSolution
		HideSolutionNode = FALSE
	EndGlobalSection
	GlobalSection(ExtensibilityGlobals) = postSolution
		SolutionGuid = {DC2CA7B9-C989-470D-B980-1564DA7BA1E0}
	EndGlobalSection
EndGlobal
